<Solution>
  <Folder Name="/agents/">
    <File Path="../AGENTS.md" />
  </Folder>
  <Folder Name="/agents/.github/">
    <File Path="../.github/copilot-instructions.md" />
  </Folder>
  <Folder Name="/app/">
    <Project Path="../app/ChoNaBojoApp/ChoNaBojoApp.csproj" Id="cac6a2d5-7d1b-41ad-9271-0e5331091291">
      <Deploy />
    </Project>
  </Folder>
  <Folder Name="/config/">
    <File Path="../.config/dotnet-tools.json" />
    <File Path="../Dockerfile" />
  </Folder>
  <Folder Name="/context/">
    <File Path="../Context/idea-notes.md" />
  </Folder>
  <Folder Name="/context/archive/">
    <File Path="../context/archive/README.md" />
  </Folder>
  <Folder Name="/context/archive/2026-07-12-data-layer-foundation/">
    <File Path="../context/archive/2026-07-12-data-layer-foundation/change.md" />
    <File Path="../context/archive/2026-07-12-data-layer-foundation/npgsql-docs.md" />
    <File Path="../context/archive/2026-07-12-data-layer-foundation/plan-brief.md" />
    <File Path="../context/archive/2026-07-12-data-layer-foundation/plan.md" />
    <File Path="../context/archive/2026-07-12-data-layer-foundation/research-libraries.md" />
    <File Path="../context/archive/2026-07-12-data-layer-foundation/research.md" />
  </Folder>
  <Folder Name="/context/archive/2026-07-12-data-layer-foundation/reviews/">
    <File Path="../context/archive/2026-07-12-data-layer-foundation/reviews/impl-review.md" />
    <File Path="../context/archive/2026-07-12-data-layer-foundation/reviews/plan-review.md" />
  </Folder>
  <Folder Name="/context/archive/2026-07-15-auth-scaffold/">
    <File Path="../context/archive/2026-07-15-auth-scaffold/change.md" />
    <File Path="../context/archive/2026-07-15-auth-scaffold/frame.md" />
    <File Path="../context/archive/2026-07-15-auth-scaffold/plan-brief.md" />
    <File Path="../context/archive/2026-07-15-auth-scaffold/plan.md" />
    <File Path="../context/archive/2026-07-15-auth-scaffold/research-jwt-implementation.md" />
    <File Path="../context/archive/2026-07-15-auth-scaffold/research.md" />
  </Folder>
  <Folder Name="/context/archive/2026-07-15-auth-scaffold/reviews/">
    <File Path="../context/archive/2026-07-15-auth-scaffold/reviews/impl-review.md" />
    <File Path="../context/archive/2026-07-15-auth-scaffold/reviews/plan-review.md" />
  </Folder>
  <Folder Name="/context/archive/2026-07-18-account-and-session/">
    <File Path="../context/archive/2026-07-18-account-and-session/change.md" />
    <File Path="../context/archive/2026-07-18-account-and-session/plan-brief.md" />
    <File Path="../context/archive/2026-07-18-account-and-session/plan.md" />
  </Folder>
  <Folder Name="/context/archive/2026-07-18-account-and-session/reviews/">
    <File Path="../context/archive/2026-07-18-account-and-session/reviews/impl-review.md" />
    <File Path="../context/archive/2026-07-18-account-and-session/reviews/plan-review.md" />
  </Folder>
  <Folder Name="/context/archive/2026-08-24-map-venue-discovery/">
    <File Path="../context/archive/2026-08-24-map-venue-discovery/change.md" />
    <File Path="../context/archive/2026-08-24-map-venue-discovery/plan-brief.md" />
    <File Path="../context/archive/2026-08-24-map-venue-discovery/plan.md" />
  </Folder>
  <Folder Name="/context/archive/2026-08-24-map-venue-discovery/reviews/">
    <File Path="../context/archive/2026-08-24-map-venue-discovery/reviews/impl-review.md" />
    <File Path="../context/archive/2026-08-24-map-venue-discovery/reviews/manual-verification.md" />
    <File Path="../context/archive/2026-08-24-map-venue-discovery/reviews/plan-review.md" />
  </Folder>
  <Folder Name="/context/archive/2026-09-02-event-creation/">
    <File Path="../context/archive/2026-09-02-event-creation/change.md" />
    <File Path="../context/archive/2026-09-02-event-creation/plan-brief.md" />
    <File Path="../context/archive/2026-09-02-event-creation/plan.md" />
  </Folder>
  <Folder Name="/context/archive/2026-09-02-event-creation/reviews/">
    <File Path="../context/archive/2026-09-02-event-creation/reviews/impl-review.md" />
    <File Path="../context/archive/2026-09-02-event-creation/reviews/plan-review.md" />
  </Folder>
  <Folder Name="/context/archive/2026-09-06-event-listing-and-join-request/">
    <File Path="../context/archive/2026-09-06-event-listing-and-join-request/change.md" />
    <File Path="../context/archive/2026-09-06-event-listing-and-join-request/plan-brief.md" />
    <File Path="../context/archive/2026-09-06-event-listing-and-join-request/plan.md" />
  </Folder>
  <Folder Name="/context/archive/2026-09-06-event-listing-and-join-request/reviews/">
    <File Path="../context/archive/2026-09-06-event-listing-and-join-request/reviews/impl-review.md" />
    <File Path="../context/archive/2026-09-06-event-listing-and-join-request/reviews/plan-review.md" />
  </Folder>
  <Folder Name="/context/archive/2026-09-07-approval-and-contact-reveal/">
    <File Path="../context/archive/2026-09-07-approval-and-contact-reveal/change.md" />
    <File Path="../context/archive/2026-09-07-approval-and-contact-reveal/plan-brief.md" />
    <File Path="../context/archive/2026-09-07-approval-and-contact-reveal/plan.md" />
  </Folder>
  <Folder Name="/context/archive/2026-09-07-approval-and-contact-reveal/reviews/">
    <File Path="../context/archive/2026-09-07-approval-and-contact-reveal/reviews/impl-review.md" />
    <File Path="../context/archive/2026-09-07-approval-and-contact-reveal/reviews/plan-review.md" />
  </Folder>
  <Folder Name="/context/archive/2026-09-10-push-notifications/">
    <File Path="../context/archive/2026-09-10-push-notifications/binding-spike.md" />
    <File Path="../context/archive/2026-09-10-push-notifications/change.md" />
    <File Path="../context/archive/2026-09-10-push-notifications/frame.md" />
    <File Path="../context/archive/2026-09-10-push-notifications/plan-brief.md" />
    <File Path="../context/archive/2026-09-10-push-notifications/plan.md" />
    <File Path="../context/archive/2026-09-10-push-notifications/research.md" />
    <File Path="../context/archive/2026-09-10-push-notifications/xamarin-firebase-messaging-context7.md" />
  </Folder>
  <Folder Name="/context/archive/2026-09-10-push-notifications/reviews/">
    <File Path="../context/archive/2026-09-10-push-notifications/reviews/impl-review.md" />
    <File Path="../context/archive/2026-09-10-push-notifications/reviews/manual-verification.md" />
    <File Path="../context/archive/2026-09-10-push-notifications/reviews/plan-review.md" />
  </Folder>
  <Folder Name="/context/archive/bootstrap-verification/">
    <File Path="../context/archive/bootstrap-verification/verification.md" />
  </Folder>
  <Folder Name="/context/archive/deployment/">
    <File Path="../context/archive/deployment/deployment-plan.md" />
  </Folder>
  <Folder Name="/context/changes/">
    <File Path="../context/changes/README.md" />
  </Folder>
  <Folder Name="/context/changes/event-lifecycle-ops/">
    <File Path="../context/changes/event-lifecycle-ops/change.md" />
    <File Path="../context/changes/event-lifecycle-ops/plan-brief.md" />
    <File Path="../context/changes/event-lifecycle-ops/plan.md" />
  </Folder>
  <Folder Name="/context/changes/event-lifecycle-ops/reviews/">
    <File Path="../context/changes/event-lifecycle-ops/reviews/impl-review.md" />
    <File Path="../context/changes/event-lifecycle-ops/reviews/plan-review.md" />
  </Folder>
  <Folder Name="/context/foundation/">
    <File Path="../context/foundation/infrastructure.md" />
    <File Path="../context/foundation/lessons.md" />
    <File Path="../context/foundation/prd.md" />
    <File Path="../context/foundation/README.md" />
    <File Path="../context/foundation/review-fixes.md" />
    <File Path="../context/foundation/roadmap.md" />
    <File Path="../context/foundation/shape-notes.md" />
    <File Path="../context/foundation/tasks-github.md" />
    <File Path="../context/foundation/tech-stack.md" />
    <File Path="../context/foundation/todo.md" />
    <File Path="../context/foundation/ui-guidelines.md" />
  </Folder>
  <Folder Name="/data/">
    <File Path="../data/warsaw-venues.csv" />
  </Folder>
  <Folder Name="/server/">
    <Project Path="../server/server.csproj" />
  </Folder>
  <Folder Name="/shared/">
    <Project Path="../shared/ChoNaBojo.Contracts/ChoNaBojo.Contracts.csproj" />
    <Project Path="../shared/ChoNaBojo.Utils/ChoNaBojo.Utils.csproj" />
    <Project Path="../shared/ChoNaBojo.Validation/ChoNaBojo.Validation.csproj" />
  </Folder>
  <Folder Name="/workflows/" />
  <Folder Name="/workflows/.github/">
    <File Path="../.github/workflows/android-deploy.yml" />
    <File Path="../.github/workflows/windows-deploy.yml" />
  </Folder>
</Solution>
