<Solution>
  <Folder Name="/agents/">
    <File Path="../AGENTS.md" />
  </Folder>
  <Folder Name="/agents/.github/">
    <File Path="../.github/copilot-instructions.md" />
  </Folder>
  <Folder Name="/app/">
    <Project Path="../app/ChoNaBojoApp/ChoNaBojoApp.csproj" Id="cac6a2d5-7d1b-41ad-9271-0e5331091291" />
  </Folder>
  <Folder Name="/context/">
    <File Path="../Context/idea-notes.md" />
  </Folder>
  <Folder Name="/context/archive/">
    <File Path="../context/archive/README.md" />
  </Folder>
  <Folder Name="/context/changes/">
    <File Path="../context/changes/README.md" />
  </Folder>
  <Folder Name="/context/changes/bootstrap-verification/">
    <File Path="../context/changes/bootstrap-verification/verification.md" />
  </Folder>
  <Folder Name="/context/changes/data-layer-foundation/">
    <File Path="../context/changes/data-layer-foundation/change.md" />
  </Folder>
  <Folder Name="/context/changes/deployment/">
    <File Path="../context/changes/deployment/deployment-plan.md" />
  </Folder>
  <Folder Name="/context/foundation/">
    <File Path="../context/foundation/infrastructure.md" />
    <File Path="../context/foundation/prd.md" />
    <File Path="../context/foundation/README.md" />
    <File Path="../context/foundation/roadmap.md" />
    <File Path="../context/foundation/shape-notes.md" />
    <File Path="../context/foundation/tasks-github.md" />
    <File Path="../context/foundation/tech-stack.md" />
  </Folder>
  <Folder Name="/server/">
    <Project Path="../server/server.csproj" />
  </Folder>
  <Folder Name="/workflows/" />
  <Folder Name="/workflows/.github/">
    <File Path="../.github/workflows/android-deploy.yml" />
    <File Path="../.github/workflows/windows-deploy.yml" />
  </Folder>
</Solution>
